// !$*UTF8*$!
{
	archiveVersion = 1;
	classes = {
	};
	objectVersion = 50;
	objects = {

/* Begin PBXBuildFile section */
		1DF1101524B08E3B0025E5C9 /* AppDelegate.swift in Sources */ = {isa = PBXBuildFile; fileRef = 1DF1101424B08E3B0025E5C9 /* AppDelegate.swift */; };
		1DF1101724B08E3B0025E5C9 /* SceneDelegate.swift in Sources */ = {isa = PBXBuildFile; fileRef = 1DF1101624B08E3B0025E5C9 /* SceneDelegate.swift */; };
		1DF1101924B08E3B0025E5C9 /* ContentView.swift in Sources */ = {isa = PBXBuildFile; fileRef = 1DF1101824B08E3B0025E5C9 /* ContentView.swift */; };
		1DF1101B24B08E400025E5C9 /* Assets.xcassets in Resources */ = {isa = PBXBuildFile; fileRef = 1DF1101A24B08E400025E5C9 /* Assets.xcassets */; };
		1DF1101E24B08E400025E5C9 /* Preview Assets.xcassets in Resources */ = {isa = PBXBuildFile; fileRef = 1DF1101D24B08E400025E5C9 /* Preview Assets.xcassets */; };
		1DF1102124B08E400025E5C9 /* LaunchScreen.storyboard in Resources */ = {isa = PBXBuildFile; fileRef = 1DF1101F24B08E400025E5C9 /* LaunchScreen.storyboard */; };
		1DF1102A24B08EB20025E5C9 /* HowToCreateExpandingLists.swift in Sources */ = {isa = PBXBuildFile; fileRef = 1DF1102924B08EB20025E5C9 /* HowToCreateExpandingLists.swift */; };
		1DF1102C24B0918E0025E5C9 /* HowToShowAMapView.swift in Sources */ = {isa = PBXBuildFile; fileRef = 1DF1102B24B0918E0025E5C9 /* HowToShowAMapView.swift */; };
		1DF1102E24B0929E0025E5C9 /* HowToCreateScrollingPagesOfContentUsingTabViewStyle.swift in Sources */ = {isa = PBXBuildFile; fileRef = 1DF1102D24B0929E0025E5C9 /* HowToCreateScrollingPagesOfContentUsingTabViewStyle.swift */; };
		1DF1105424B098CC0025E5C9 /* HowToINtegrateSpriteKitUsingSpriteView.swift in Sources */ = {isa = PBXBuildFile; fileRef = 1DF1105324B098CC0025E5C9 /* HowToINtegrateSpriteKitUsingSpriteView.swift */; };
		1DF1105624B09C370025E5C9 /* HowToLetUsersSelectAColorWithColorPicker.swift in Sources */ = {isa = PBXBuildFile; fileRef = 1DF1105524B09C370025E5C9 /* HowToLetUsersSelectAColorWithColorPicker.swift */; };
		1DF1105824B09DD70025E5C9 /* HowToLAzyLoadViewUsingLazyVStackAndLazyHStack.swift in Sources */ = {isa = PBXBuildFile; fileRef = 1DF1105724B09DD70025E5C9 /* HowToLAzyLoadViewUsingLazyVStackAndLazyHStack.swift */; };
		1DF1105A24B0A0AC0025E5C9 /* HowToSHowIndeterminateProgressUsingProgressView.swift in Sources */ = {isa = PBXBuildFile; fileRef = 1DF1105924B0A0AC0025E5C9 /* HowToSHowIndeterminateProgressUsingProgressView.swift */; };
		1DF1105C24B0AB6E0025E5C9 /* HowToContinueAnNSUserActivity.swift in Sources */ = {isa = PBXBuildFile; fileRef = 1DF1105B24B0AB6E0025E5C9 /* HowToContinueAnNSUserActivity.swift */; };
		1DF1107924B0E6070025E5C9 /* HowToCreateADatePickerAndReadValuesFromIt.swift in Sources */ = {isa = PBXBuildFile; fileRef = 1DF1107824B0E6070025E5C9 /* HowToCreateADatePickerAndReadValuesFromIt.swift */; };
/* End PBXBuildFile section */

/* Begin PBXFileReference section */
		1DF1101124B08E3B0025E5C9 /* NewInSwiftUI.app */ = {isa = PBXFileReference; explicitFileType = wrapper.application; includeInIndex = 0; path = NewInSwiftUI.app; sourceTree = BUILT_PRODUCTS_DIR; };
		1DF1101424B08E3B0025E5C9 /* AppDelegate.swift */ = {isa = PBXFileReference; lastKnownFileType = sourcecode.swift; path = AppDelegate.swift; sourceTree = "<group>"; };
		1DF1101624B08E3B0025E5C9 /* SceneDelegate.swift */ = {isa = PBXFileReference; lastKnownFileType = sourcecode.swift; path = SceneDelegate.swift; sourceTree = "<group>"; };
		1DF1101824B08E3B0025E5C9 /* ContentView.swift */ = {isa = PBXFileReference; lastKnownFileType = sourcecode.swift; path = ContentView.swift; sourceTree = "<group>"; };
		1DF1101A24B08E400025E5C9 /* Assets.xcassets */ = {isa = PBXFileReference; lastKnownFileType = folder.assetcatalog; path = Assets.xcassets; sourceTree = "<group>"; };
		1DF1101D24B08E400025E5C9 /* Preview Assets.xcassets */ = {isa = PBXFileReference; lastKnownFileType = folder.assetcatalog; path = "Preview Assets.xcassets"; sourceTree = "<group>"; };
		1DF1102024B08E400025E5C9 /* Base */ = {isa = PBXFileReference; lastKnownFileType = file.storyboard; name = Base; path = Base.lproj/LaunchScreen.storyboard; sourceTree = "<group>"; };
		1DF1102224B08E400025E5C9 /* Info.plist */ = {isa = PBXFileReference; lastKnownFileType = text.plist.xml; path = Info.plist; sourceTree = "<group>"; };
		1DF1102924B08EB20025E5C9 /* HowToCreateExpandingLists.swift */ = {isa = PBXFileReference; lastKnownFileType = sourcecode.swift; path = HowToCreateExpandingLists.swift; sourceTree = "<group>"; };
		1DF1102B24B0918E0025E5C9 /* HowToShowAMapView.swift */ = {isa = PBXFileReference; lastKnownFileType = sourcecode.swift; path = HowToShowAMapView.swift; sourceTree = "<group>"; };
		1DF1102D24B0929E0025E5C9 /* HowToCreateScrollingPagesOfContentUsingTabViewStyle.swift */ = {isa = PBXFileReference; lastKnownFileType = sourcecode.swift; path = HowToCreateScrollingPagesOfContentUsingTabViewStyle.swift; sourceTree = "<group>"; };
		1DF1105324B098CC0025E5C9 /* HowToINtegrateSpriteKitUsingSpriteView.swift */ = {isa = PBXFileReference; lastKnownFileType = sourcecode.swift; path = HowToINtegrateSpriteKitUsingSpriteView.swift; sourceTree = "<group>"; };
		1DF1105524B09C370025E5C9 /* HowToLetUsersSelectAColorWithColorPicker.swift */ = {isa = PBXFileReference; lastKnownFileType = sourcecode.swift; path = HowToLetUsersSelectAColorWithColorPicker.swift; sourceTree = "<group>"; };
		1DF1105724B09DD70025E5C9 /* HowToLAzyLoadViewUsingLazyVStackAndLazyHStack.swift */ = {isa = PBXFileReference; lastKnownFileType = sourcecode.swift; path = HowToLAzyLoadViewUsingLazyVStackAndLazyHStack.swift; sourceTree = "<group>"; };
		1DF1105924B0A0AC0025E5C9 /* HowToSHowIndeterminateProgressUsingProgressView.swift */ = {isa = PBXFileReference; lastKnownFileType = sourcecode.swift; path = HowToSHowIndeterminateProgressUsingProgressView.swift; sourceTree = "<group>"; };
		1DF1105B24B0AB6E0025E5C9 /* HowToContinueAnNSUserActivity.swift */ = {isa = PBXFileReference; lastKnownFileType = sourcecode.swift; path = HowToContinueAnNSUserActivity.swift; sourceTree = "<group>"; };
		1DF1107824B0E6070025E5C9 /* HowToCreateADatePickerAndReadValuesFromIt.swift */ = {isa = PBXFileReference; lastKnownFileType = sourcecode.swift; path = HowToCreateADatePickerAndReadValuesFromIt.swift; sourceTree = "<group>"; };
/* End PBXFileReference section */

/* Begin PBXFrameworksBuildPhase section */
		1DF1100E24B08E3B0025E5C9 /* Frameworks */ = {
			isa = PBXFrameworksBuildPhase;
			buildActionMask = 2147483647;
			files = (
			);
			runOnlyForDeploymentPostprocessing = 0;
		};
/* End PBXFrameworksBuildPhase section */

/* Begin PBXGroup section */
		1DF1100824B08E3B0025E5C9 = {
			isa = PBXGroup;
			children = (
				1DF1101324B08E3B0025E5C9 /* NewInSwiftUI */,
				1DF1101224B08E3B0025E5C9 /* Products */,
			);
			sourceTree = "<group>";
		};
		1DF1101224B08E3B0025E5C9 /* Products */ = {
			isa = PBXGroup;
			children = (
				1DF1101124B08E3B0025E5C9 /* NewInSwiftUI.app */,
			);
			name = Products;
			sourceTree = "<group>";
		};
		1DF1101324B08E3B0025E5C9 /* NewInSwiftUI */ = {
			isa = PBXGroup;
			children = (
				1DF1102824B08E910025E5C9 /* New */,
				1DF1101424B08E3B0025E5C9 /* AppDelegate.swift */,
				1DF1101624B08E3B0025E5C9 /* SceneDelegate.swift */,
				1DF1101824B08E3B0025E5C9 /* ContentView.swift */,
				1DF1101A24B08E400025E5C9 /* Assets.xcassets */,
				1DF1101F24B08E400025E5C9 /* LaunchScreen.storyboard */,
				1DF1102224B08E400025E5C9 /* Info.plist */,
				1DF1101C24B08E400025E5C9 /* Preview Content */,
			);
			path = NewInSwiftUI;
			sourceTree = "<group>";
		};
		1DF1101C24B08E400025E5C9 /* Preview Content */ = {
			isa = PBXGroup;
			children = (
				1DF1101D24B08E400025E5C9 /* Preview Assets.xcassets */,
			);
			path = "Preview Content";
			sourceTree = "<group>";
		};
		1DF1102824B08E910025E5C9 /* New */ = {
			isa = PBXGroup;
			children = (
				1DF1102924B08EB20025E5C9 /* HowToCreateExpandingLists.swift */,
				1DF1102B24B0918E0025E5C9 /* HowToShowAMapView.swift */,
				1DF1102D24B0929E0025E5C9 /* HowToCreateScrollingPagesOfContentUsingTabViewStyle.swift */,
				1DF1105324B098CC0025E5C9 /* HowToINtegrateSpriteKitUsingSpriteView.swift */,
				1DF1105524B09C370025E5C9 /* HowToLetUsersSelectAColorWithColorPicker.swift */,
				1DF1105724B09DD70025E5C9 /* HowToLAzyLoadViewUsingLazyVStackAndLazyHStack.swift */,
				1DF1105924B0A0AC0025E5C9 /* HowToSHowIndeterminateProgressUsingProgressView.swift */,
				1DF1105B24B0AB6E0025E5C9 /* HowToContinueAnNSUserActivity.swift */,
				1DF1107824B0E6070025E5C9 /* HowToCreateADatePickerAndReadValuesFromIt.swift */,
			);
			path = New;
			sourceTree = "<group>";
		};
/* End PBXGroup section */

/* Begin PBXNativeTarget section */
		1DF1101024B08E3B0025E5C9 /* NewInSwiftUI */ = {
			isa = PBXNativeTarget;
			buildConfigurationList = 1DF1102524B08E400025E5C9 /* Build configuration list for PBXNativeTarget "NewInSwiftUI" */;
			buildPhases = (
				1DF1100D24B08E3B0025E5C9 /* Sources */,
				1DF1100E24B08E3B0025E5C9 /* Frameworks */,
				1DF1100F24B08E3B0025E5C9 /* Resources */,
			);
			buildRules = (
			);
			dependencies = (
			);
			name = NewInSwiftUI;
			productName = NewInSwiftUI;
			productReference = 1DF1101124B08E3B0025E5C9 /* NewInSwiftUI.app */;
			productType = "com.apple.product-type.application";
		};
/* End PBXNativeTarget section */

/* Begin PBXProject section */
		1DF1100924B08E3B0025E5C9 /* Project object */ = {
			isa = PBXProject;
			attributes = {
				LastSwiftUpdateCheck = 1200;
				LastUpgradeCheck = 1200;
				TargetAttributes = {
					1DF1101024B08E3B0025E5C9 = {
						CreatedOnToolsVersion = 12.0;
					};
				};
			};
			buildConfigurationList = 1DF1100C24B08E3B0025E5C9 /* Build configuration list for PBXProject "NewInSwiftUI" */;
			compatibilityVersion = "Xcode 9.3";
			developmentRegion = en;
			hasScannedForEncodings = 0;
			knownRegions = (
				en,
				Base,
			);
			mainGroup = 1DF1100824B08E3B0025E5C9;
			productRefGroup = 1DF1101224B08E3B0025E5C9 /* Products */;
			projectDirPath = "";
			projectRoot = "";
			targets = (
				1DF1101024B08E3B0025E5C9 /* NewInSwiftUI */,
			);
		};
/* End PBXProject section */

/* Begin PBXResourcesBuildPhase section */
		1DF1100F24B08E3B0025E5C9 /* Resources */ = {
			isa = PBXResourcesBuildPhase;
			buildActionMask = 2147483647;
			files = (
				1DF1102124B08E400025E5C9 /* LaunchScreen.storyboard in Resources */,
				1DF1101E24B08E400025E5C9 /* Preview Assets.xcassets in Resources */,
				1DF1101B24B08E400025E5C9 /* Assets.xcassets in Resources */,
			);
			runOnlyForDeploymentPostprocessing = 0;
		};
/* End PBXResourcesBuildPhase section */

/* Begin PBXSourcesBuildPhase section */
		1DF1100D24B08E3B0025E5C9 /* Sources */ = {
			isa = PBXSourcesBuildPhase;
			buildActionMask = 2147483647;
			files = (
				1DF1102A24B08EB20025E5C9 /* HowToCreateExpandingLists.swift in Sources */,
				1DF1101524B08E3B0025E5C9 /* AppDelegate.swift in Sources */,
				1DF1105824B09DD70025E5C9 /* HowToLAzyLoadViewUsingLazyVStackAndLazyHStack.swift in Sources */,
				1DF1105624B09C370025E5C9 /* HowToLetUsersSelectAColorWithColorPicker.swift in Sources */,
				1DF1107924B0E6070025E5C9 /* HowToCreateADatePickerAndReadValuesFromIt.swift in Sources */,
				1DF1105A24B0A0AC0025E5C9 /* HowToSHowIndeterminateProgressUsingProgressView.swift in Sources */,
				1DF1101724B08E3B0025E5C9 /* SceneDelegate.swift in Sources */,
				1DF1101924B08E3B0025E5C9 /* ContentView.swift in Sources */,
				1DF1102C24B0918E0025E5C9 /* HowToShowAMapView.swift in Sources */,
				1DF1105424B098CC0025E5C9 /* HowToINtegrateSpriteKitUsingSpriteView.swift in Sources */,
				1DF1102E24B0929E0025E5C9 /* HowToCreateScrollingPagesOfContentUsingTabViewStyle.swift in Sources */,
				1DF1105C24B0AB6E0025E5C9 /* HowToContinueAnNSUserActivity.swift in Sources */,
			);
			runOnlyForDeploymentPostprocessing = 0;
		};
/* End PBXSourcesBuildPhase section */

/* Begin PBXVariantGroup section */
		1DF1101F24B08E400025E5C9 /* LaunchScreen.storyboard */ = {
			isa = PBXVariantGroup;
			children = (
				1DF1102024B08E400025E5C9 /* Base */,
			);
			name = LaunchScreen.storyboard;
			sourceTree = "<group>";
		};
/* End PBXVariantGroup section */

/* Begin XCBuildConfiguration section */
		1DF1102324B08E400025E5C9 /* Debug */ = {
			isa = XCBuildConfiguration;
			buildSettings = {
				ALWAYS_SEARCH_USER_PATHS = NO;
				CLANG_ANALYZER_NONNULL = YES;
				CLANG_ANALYZER_NUMBER_OBJECT_CONVERSION = YES_AGGRESSIVE;
				CLANG_CXX_LANGUAGE_STANDARD = "gnu++14";
				CLANG_CXX_LIBRARY = "libc++";
				CLANG_ENABLE_MODULES = YES;
				CLANG_ENABLE_OBJC_ARC = YES;
				CLANG_ENABLE_OBJC_WEAK = YES;
				CLANG_WARN_BLOCK_CAPTURE_AUTORELEASING = YES;
				CLANG_WARN_BOOL_CONVERSION = YES;
				CLANG_WARN_COMMA = YES;
				CLANG_WARN_CONSTANT_CONVERSION = YES;
				CLANG_WARN_DEPRECATED_OBJC_IMPLEMENTATIONS = YES;
				CLANG_WARN_DIRECT_OBJC_ISA_USAGE = YES_ERROR;
				CLANG_WARN_DOCUMENTATION_COMMENTS = YES;
				CLANG_WARN_EMPTY_BODY = YES;
				CLANG_WARN_ENUM_CONVERSION = YES;
				CLANG_WARN_INFINITE_RECURSION = YES;
				CLANG_WARN_INT_CONVERSION = YES;
				CLANG_WARN_NON_LITERAL_NULL_CONVERSION = YES;
				CLANG_WARN_OBJC_IMPLICIT_RETAIN_SELF = YES;
				CLANG_WARN_OBJC_LITERAL_CONVERSION = YES;
				CLANG_WARN_OBJC_ROOT_CLASS = YES_ERROR;
				CLANG_WARN_QUOTED_INCLUDE_IN_FRAMEWORK_HEADER = YES;
				CLANG_WARN_RANGE_LOOP_ANALYSIS = YES;
				CLANG_WARN_STRICT_PROTOTYPES = YES;
				CLANG_WARN_SUSPICIOUS_MOVE = YES;
				CLANG_WARN_UNGUARDED_AVAILABILITY = YES_AGGRESSIVE;
				CLANG_WARN_UNREACHABLE_CODE = YES;
				CLANG_WARN__DUPLICATE_METHOD_MATCH = YES;
				COPY_PHASE_STRIP = NO;
				DEBUG_INFORMATION_FORMAT = dwarf;
				ENABLE_STRICT_OBJC_MSGSEND = YES;
				ENABLE_TESTABILITY = YES;
				GCC_C_LANGUAGE_STANDARD = gnu11;
				GCC_DYNAMIC_NO_PIC = NO;
				GCC_NO_COMMON_BLOCKS = YES;
				GCC_OPTIMIZATION_LEVEL = 0;
				GCC_PREPROCESSOR_DEFINITIONS = (
					"DEBUG=1",
					"$(inherited)",
				);
				GCC_WARN_64_TO_32_BIT_CONVERSION = YES;
				GCC_WARN_ABOUT_RETURN_TYPE = YES_ERROR;
				GCC_WARN_UNDECLARED_SELECTOR = YES;
				GCC_WARN_UNINITIALIZED_AUTOS = YES_AGGRESSIVE;
				GCC_WARN_UNUSED_FUNCTION = YES;
				GCC_WARN_UNUSED_VARIABLE = YES;
				IPHONEOS_DEPLOYMENT_TARGET = 14.0;
				MTL_ENABLE_DEBUG_INFO = INCLUDE_SOURCE;
				MTL_FAST_MATH = YES;
				ONLY_ACTIVE_ARCH = YES;
				SDKROOT = iphoneos;
				SWIFT_ACTIVE_COMPILATION_CONDITIONS = DEBUG;
				SWIFT_OPTIMIZATION_LEVEL = "-Onone";
			};
			name = Debug;
		};
		1DF1102424B08E400025E5C9 /* Release */ = {
			isa = XCBuildConfiguration;
			buildSettings = {
				ALWAYS_SEARCH_USER_PATHS = NO;
				CLANG_ANALYZER_NONNULL = YES;
				CLANG_ANALYZER_NUMBER_OBJECT_CONVERSION = YES_AGGRESSIVE;
				CLANG_CXX_LANGUAGE_STANDARD = "gnu++14";
				CLANG_CXX_LIBRARY = "libc++";
				CLANG_ENABLE_MODULES = YES;
				CLANG_ENABLE_OBJC_ARC = YES;
				CLANG_ENABLE_OBJC_WEAK = YES;
				CLANG_WARN_BLOCK_CAPTURE_AUTORELEASING = YES;
				CLANG_WARN_BOOL_CONVERSION = YES;
				CLANG_WARN_COMMA = YES;
				CLANG_WARN_CONSTANT_CONVERSION = YES;
				CLANG_WARN_DEPRECATED_OBJC_IMPLEMENTATIONS = YES;
				CLANG_WARN_DIRECT_OBJC_ISA_USAGE = YES_ERROR;
				CLANG_WARN_DOCUMENTATION_COMMENTS = YES;
				CLANG_WARN_EMPTY_BODY = YES;
				CLANG_WARN_ENUM_CONVERSION = YES;
				CLANG_WARN_INFINITE_RECURSION = YES;
				CLANG_WARN_INT_CONVERSION = YES;
				CLANG_WARN_NON_LITERAL_NULL_CONVERSION = YES;
				CLANG_WARN_OBJC_IMPLICIT_RETAIN_SELF = YES;
				CLANG_WARN_OBJC_LITERAL_CONVERSION = YES;
				CLANG_WARN_OBJC_ROOT_CLASS = YES_ERROR;
				CLANG_WARN_QUOTED_INCLUDE_IN_FRAMEWORK_HEADER = YES;
				CLANG_WARN_RANGE_LOOP_ANALYSIS = YES;
				CLANG_WARN_STRICT_PROTOTYPES = YES;
				CLANG_WARN_SUSPICIOUS_MOVE = YES;
				CLANG_WARN_UNGUARDED_AVAILABILITY = YES_AGGRESSIVE;
				CLANG_WARN_UNREACHABLE_CODE = YES;
				CLANG_WARN__DUPLICATE_METHOD_MATCH = YES;
				COPY_PHASE_STRIP = NO;
				DEBUG_INFORMATION_FORMAT = "dwarf-with-dsym";
				ENABLE_NS_ASSERTIONS = NO;
				ENABLE_STRICT_OBJC_MSGSEND = YES;
				GCC_C_LANGUAGE_STANDARD = gnu11;
				GCC_NO_COMMON_BLOCKS = YES;
				GCC_WARN_64_TO_32_BIT_CONVERSION = YES;
				GCC_WARN_ABOUT_RETURN_TYPE = YES_ERROR;
				GCC_WARN_UNDECLARED_SELECTOR = YES;
				GCC_WARN_UNINITIALIZED_AUTOS = YES_AGGRESSIVE;
				GCC_WARN_UNUSED_FUNCTION = YES;
				GCC_WARN_UNUSED_VARIABLE = YES;
				IPHONEOS_DEPLOYMENT_TARGET = 14.0;
				MTL_ENABLE_DEBUG_INFO = NO;
				MTL_FAST_MATH = YES;
				SDKROOT = iphoneos;
				SWIFT_COMPILATION_MODE = wholemodule;
				SWIFT_OPTIMIZATION_LEVEL = "-O";
				VALIDATE_PRODUCT = YES;
			};
			name = Release;
		};
		1DF1102624B08E400025E5C9 /* Debug */ = {
			isa = XCBuildConfiguration;
			buildSettings = {
				ASSETCATALOG_COMPILER_APPICON_NAME = AppIcon;
				ASSETCATALOG_COMPILER_GLOBAL_ACCENT_COLOR_NAME = AccentColor;
				CODE_SIGN_STYLE = Automatic;
				DEVELOPMENT_ASSET_PATHS = "\"NewInSwiftUI/Preview Content\"";
				DEVELOPMENT_TEAM = L8W86DZDY2;
				ENABLE_PREVIEWS = YES;
				INFOPLIST_FILE = NewInSwiftUI/Info.plist;
				LD_RUNPATH_SEARCH_PATHS = (
					"$(inherited)",
					"@executable_path/Frameworks",
				);
				PRODUCT_BUNDLE_IDENTIFIER = com.ri.NewInSwiftUI;
				PRODUCT_NAME = "$(TARGET_NAME)";
				SWIFT_VERSION = 5.0;
				TARGETED_DEVICE_FAMILY = "1,2";
			};
			name = Debug;
		};
		1DF1102724B08E400025E5C9 /* Release */ = {
			isa = XCBuildConfiguration;
			buildSettings = {
				ASSETCATALOG_COMPILER_APPICON_NAME = AppIcon;
				ASSETCATALOG_COMPILER_GLOBAL_ACCENT_COLOR_NAME = AccentColor;
				CODE_SIGN_STYLE = Automatic;
				DEVELOPMENT_ASSET_PATHS = "\"NewInSwiftUI/Preview Content\"";
				DEVELOPMENT_TEAM = L8W86DZDY2;
				ENABLE_PREVIEWS = YES;
				INFOPLIST_FILE = NewInSwiftUI/Info.plist;
				LD_RUNPATH_SEARCH_PATHS = (
					"$(inherited)",
					"@executable_path/Frameworks",
				);
				PRODUCT_BUNDLE_IDENTIFIER = com.ri.NewInSwiftUI;
				PRODUCT_NAME = "$(TARGET_NAME)";
				SWIFT_VERSION = 5.0;
				TARGETED_DEVICE_FAMILY = "1,2";
			};
			name = Release;
		};
/* End XCBuildConfiguration section */

/* Begin XCConfigurationList section */
		1DF1100C24B08E3B0025E5C9 /* Build configuration list for PBXProject "NewInSwiftUI" */ = {
			isa = XCConfigurationList;
			buildConfigurations = (
				1DF1102324B08E400025E5C9 /* Debug */,
				1DF1102424B08E400025E5C9 /* Release */,
			);
			defaultConfigurationIsVisible = 0;
			defaultConfigurationName = Release;
		};
		1DF1102524B08E400025E5C9 /* Build configuration list for PBXNativeTarget "NewInSwiftUI" */ = {
			isa = XCConfigurationList;
			buildConfigurations = (
				1DF1102624B08E400025E5C9 /* Debug */,
				1DF1102724B08E400025E5C9 /* Release */,
			);
			defaultConfigurationIsVisible = 0;
			defaultConfigurationName = Release;
		};
/* End XCConfigurationList section */
	};
	rootObject = 1DF1100924B08E3B0025E5C9 /* Project object */;
}
